
Microsoft Visual Studio Solution File, Format Version 12.00
# Visual Studio Version 16
VisualStudioVersion = 16.0.31105.61
MinimumVisualStudioVersion = 10.0.40219.1
Project("{FAE04EC0-301F-11D3-BF4B-00C04F79EFBC}") = "Memory", "Memory.csproj", "{DF0A5439-5E8C-4128-9EBE-33487250D1FF}"
EndProject
Global
	GlobalSection(SolutionConfigurationPlatforms) = preSolution
		Debug|Any CPU = Debug|Any CPU
		Release|Any CPU = Release|Any CPU
	EndGlobalSection
	GlobalSection(ProjectConfigurationPlatforms) = postSolution
		{DF0A5439-5E8C-4128-9EBE-33487250D1FF}.Debug|Any CPU.ActiveCfg = Debug|Any CPU
		{DF0A5439-5E8C-4128-9EBE-33487250D1FF}.Debug|Any CPU.Build.0 = Debug|Any CPU
		{DF0A5439-5E8C-4128-9EBE-33487250D1FF}.Release|Any CPU.ActiveCfg = Release|Any CPU
		{DF0A5439-5E8C-4128-9EBE-33487250D1FF}.Release|Any CPU.Build.0 = Release|Any CPU
	EndGlobalSection
	GlobalSection(SolutionProperties) = preSolution
		HideSolutionNode = FALSE
	EndGlobalSection
	GlobalSection(ExtensibilityGlobals) = postSolution
		SolutionGuid = {D29C9E56-0D92-4DCD-8CA3-A999DA31071F}
	EndGlobalSection
EndGlobal
