
Microsoft Visual Studio Solution File, Format Version 12.00
# Visual Studio Version 16
VisualStudioVersion = 16.0.30621.155
MinimumVisualStudioVersion = 10.0.40219.1
Project("{FAE04EC0-301F-11D3-BF4B-00C04F79EFBC}") = "PGCD", "PGCD.csproj", "{99B36298-2A6E-473D-AC63-8F41CDEE6C85}"
EndProject
Global
	GlobalSection(SolutionConfigurationPlatforms) = preSolution
		Debug|Any CPU = Debug|Any CPU
		Release|Any CPU = Release|Any CPU
	EndGlobalSection
	GlobalSection(ProjectConfigurationPlatforms) = postSolution
		{99B36298-2A6E-473D-AC63-8F41CDEE6C85}.Debug|Any CPU.ActiveCfg = Debug|Any CPU
		{99B36298-2A6E-473D-AC63-8F41CDEE6C85}.Debug|Any CPU.Build.0 = Debug|Any CPU
		{99B36298-2A6E-473D-AC63-8F41CDEE6C85}.Release|Any CPU.ActiveCfg = Release|Any CPU
		{99B36298-2A6E-473D-AC63-8F41CDEE6C85}.Release|Any CPU.Build.0 = Release|Any CPU
	EndGlobalSection
	GlobalSection(SolutionProperties) = preSolution
		HideSolutionNode = FALSE
	EndGlobalSection
	GlobalSection(ExtensibilityGlobals) = postSolution
		SolutionGuid = {CFAB017F-1392-4593-833C-6BF668079AC5}
	EndGlobalSection
EndGlobal
