
Microsoft Visual Studio Solution File, Format Version 12.00
# Visual Studio Version 16
VisualStudioVersion = 16.0.30804.86
MinimumVisualStudioVersion = 10.0.40219.1
Project("{FAE04EC0-301F-11D3-BF4B-00C04F79EFBC}") = "POINT_CLASS", "POINT_CLASS\POINT_CLASS.csproj", "{0D17DAB3-BE8B-4CE9-90B4-1AD2BD45A731}"
EndProject
Global
	GlobalSection(SolutionConfigurationPlatforms) = preSolution
		Debug|Any CPU = Debug|Any CPU
		Release|Any CPU = Release|Any CPU
	EndGlobalSection
	GlobalSection(ProjectConfigurationPlatforms) = postSolution
		{0D17DAB3-BE8B-4CE9-90B4-1AD2BD45A731}.Debug|Any CPU.ActiveCfg = Debug|Any CPU
		{0D17DAB3-BE8B-4CE9-90B4-1AD2BD45A731}.Debug|Any CPU.Build.0 = Debug|Any CPU
		{0D17DAB3-BE8B-4CE9-90B4-1AD2BD45A731}.Release|Any CPU.ActiveCfg = Release|Any CPU
		{0D17DAB3-BE8B-4CE9-90B4-1AD2BD45A731}.Release|Any CPU.Build.0 = Release|Any CPU
	EndGlobalSection
	GlobalSection(SolutionProperties) = preSolution
		HideSolutionNode = FALSE
	EndGlobalSection
	GlobalSection(ExtensibilityGlobals) = postSolution
		SolutionGuid = {D4D778AD-B84F-41C4-A425-007FA674A182}
	EndGlobalSection
EndGlobal
