
Microsoft Visual Studio Solution File, Format Version 12.00
# Visual Studio Version 16
VisualStudioVersion = 16.0.30621.155
MinimumVisualStudioVersion = 10.0.40219.1
Project("{FAE04EC0-301F-11D3-BF4B-00C04F79EFBC}") = "JEU3", "JEU3.csproj", "{B54B0F22-4FB0-418A-BA56-88E92C40B52D}"
EndProject
Global
	GlobalSection(SolutionConfigurationPlatforms) = preSolution
		Debug|Any CPU = Debug|Any CPU
		Release|Any CPU = Release|Any CPU
	EndGlobalSection
	GlobalSection(ProjectConfigurationPlatforms) = postSolution
		{B54B0F22-4FB0-418A-BA56-88E92C40B52D}.Debug|Any CPU.ActiveCfg = Debug|Any CPU
		{B54B0F22-4FB0-418A-BA56-88E92C40B52D}.Debug|Any CPU.Build.0 = Debug|Any CPU
		{B54B0F22-4FB0-418A-BA56-88E92C40B52D}.Release|Any CPU.ActiveCfg = Release|Any CPU
		{B54B0F22-4FB0-418A-BA56-88E92C40B52D}.Release|Any CPU.Build.0 = Release|Any CPU
	EndGlobalSection
	GlobalSection(SolutionProperties) = preSolution
		HideSolutionNode = FALSE
	EndGlobalSection
	GlobalSection(ExtensibilityGlobals) = postSolution
		SolutionGuid = {96C2857B-FAD8-4AE4-8433-85E2EE37ED0F}
	EndGlobalSection
EndGlobal
